
Microsoft Visual Studio Solution File, Format Version 12.00
# Visual Studio Version 16
VisualStudioVersion = 16.0.30804.86
MinimumVisualStudioVersion = 10.0.40219.1
Project("{FAE04EC0-301F-11D3-BF4B-00C04F79EFBC}") = "Device_Emulator_App.Android", "Device_Emulator_App.Android\Device_Emulator_App.Android.csproj", "{62C659A7-0ECB-482B-81D8-3D0CDBE8FBB2}"
EndProject
Project("{FAE04EC0-301F-11D3-BF4B-00C04F79EFBC}") = "Device_Emulator_App.iOS", "Device_Emulator_App.iOS\Device_Emulator_App.iOS.csproj", "{CED1B6CA-F2A3-4496-BE32-9A2E891CD805}"
EndProject
Project("{9A19103F-16F7-4668-BE54-9A1E7A4F7556}") = "Device_Emulator_App", "Device_Emulator_App\Device_Emulator_App.csproj", "{31DA8611-C19F-4B8F-AA6F-E06F9D6E498A}"
EndProject
Project("{FAE04EC0-301F-11D3-BF4B-00C04F79EFBC}") = "UITest", "UITest\UITest.csproj", "{2FA67F7A-8B22-4EEE-90EC-586B586F4B1B}"
EndProject
Project("{FAE04EC0-301F-11D3-BF4B-00C04F79EFBC}") = "NUnitTest", "NUnitTest\NUnitTest.csproj", "{B7584E81-66C6-4326-B6B6-3A2003CCB28D}"
EndProject
Global
	GlobalSection(SolutionConfigurationPlatforms) = preSolution
		Debug|Any CPU = Debug|Any CPU
		Debug|iPhone = Debug|iPhone
		Debug|iPhoneSimulator = Debug|iPhoneSimulator
		Release|Any CPU = Release|Any CPU
		Release|iPhone = Release|iPhone
		Release|iPhoneSimulator = Release|iPhoneSimulator
	EndGlobalSection
	GlobalSection(ProjectConfigurationPlatforms) = postSolution
		{62C659A7-0ECB-482B-81D8-3D0CDBE8FBB2}.Debug|Any CPU.ActiveCfg = Debug|Any CPU
		{62C659A7-0ECB-482B-81D8-3D0CDBE8FBB2}.Debug|Any CPU.Build.0 = Debug|Any CPU
		{62C659A7-0ECB-482B-81D8-3D0CDBE8FBB2}.Debug|Any CPU.Deploy.0 = Debug|Any CPU
		{62C659A7-0ECB-482B-81D8-3D0CDBE8FBB2}.Debug|iPhone.ActiveCfg = Debug|Any CPU
		{62C659A7-0ECB-482B-81D8-3D0CDBE8FBB2}.Debug|iPhone.Build.0 = Debug|Any CPU
		{62C659A7-0ECB-482B-81D8-3D0CDBE8FBB2}.Debug|iPhone.Deploy.0 = Debug|Any CPU
		{62C659A7-0ECB-482B-81D8-3D0CDBE8FBB2}.Debug|iPhoneSimulator.ActiveCfg = Debug|Any CPU
		{62C659A7-0ECB-482B-81D8-3D0CDBE8FBB2}.Debug|iPhoneSimulator.Build.0 = Debug|Any CPU
		{62C659A7-0ECB-482B-81D8-3D0CDBE8FBB2}.Debug|iPhoneSimulator.Deploy.0 = Debug|Any CPU
		{62C659A7-0ECB-482B-81D8-3D0CDBE8FBB2}.Release|Any CPU.ActiveCfg = Release|Any CPU
		{62C659A7-0ECB-482B-81D8-3D0CDBE8FBB2}.Release|Any CPU.Build.0 = Release|Any CPU
		{62C659A7-0ECB-482B-81D8-3D0CDBE8FBB2}.Release|Any CPU.Deploy.0 = Release|Any CPU
		{62C659A7-0ECB-482B-81D8-3D0CDBE8FBB2}.Release|iPhone.ActiveCfg = Release|Any CPU
		{62C659A7-0ECB-482B-81D8-3D0CDBE8FBB2}.Release|iPhone.Build.0 = Release|Any CPU
		{62C659A7-0ECB-482B-81D8-3D0CDBE8FBB2}.Release|iPhone.Deploy.0 = Release|Any CPU
		{62C659A7-0ECB-482B-81D8-3D0CDBE8FBB2}.Release|iPhoneSimulator.ActiveCfg = Release|Any CPU
		{62C659A7-0ECB-482B-81D8-3D0CDBE8FBB2}.Release|iPhoneSimulator.Build.0 = Release|Any CPU
		{62C659A7-0ECB-482B-81D8-3D0CDBE8FBB2}.Release|iPhoneSimulator.Deploy.0 = Release|Any CPU
		{CED1B6CA-F2A3-4496-BE32-9A2E891CD805}.Debug|Any CPU.ActiveCfg = Debug|iPhone
		{CED1B6CA-F2A3-4496-BE32-9A2E891CD805}.Debug|Any CPU.Build.0 = Debug|iPhone
		{CED1B6CA-F2A3-4496-BE32-9A2E891CD805}.Debug|Any CPU.Deploy.0 = Debug|iPhone
		{CED1B6CA-F2A3-4496-BE32-9A2E891CD805}.Debug|iPhone.ActiveCfg = Debug|iPhone
		{CED1B6CA-F2A3-4496-BE32-9A2E891CD805}.Debug|iPhone.Build.0 = Debug|iPhone
		{CED1B6CA-F2A3-4496-BE32-9A2E891CD805}.Debug|iPhone.Deploy.0 = Debug|iPhone
		{CED1B6CA-F2A3-4496-BE32-9A2E891CD805}.Debug|iPhoneSimulator.ActiveCfg = Debug|iPhoneSimulator
		{CED1B6CA-F2A3-4496-BE32-9A2E891CD805}.Debug|iPhoneSimulator.Build.0 = Debug|iPhoneSimulator
		{CED1B6CA-F2A3-4496-BE32-9A2E891CD805}.Debug|iPhoneSimulator.Deploy.0 = Debug|iPhoneSimulator
		{CED1B6CA-F2A3-4496-BE32-9A2E891CD805}.Release|Any CPU.ActiveCfg = Release|iPhoneSimulator
		{CED1B6CA-F2A3-4496-BE32-9A2E891CD805}.Release|Any CPU.Build.0 = Release|iPhoneSimulator
		{CED1B6CA-F2A3-4496-BE32-9A2E891CD805}.Release|Any CPU.Deploy.0 = Release|iPhoneSimulator
		{CED1B6CA-F2A3-4496-BE32-9A2E891CD805}.Release|iPhone.ActiveCfg = Release|iPhone
		{CED1B6CA-F2A3-4496-BE32-9A2E891CD805}.Release|iPhone.Build.0 = Release|iPhone
		{CED1B6CA-F2A3-4496-BE32-9A2E891CD805}.Release|iPhone.Deploy.0 = Release|iPhone
		{CED1B6CA-F2A3-4496-BE32-9A2E891CD805}.Release|iPhoneSimulator.ActiveCfg = Release|iPhoneSimulator
		{CED1B6CA-F2A3-4496-BE32-9A2E891CD805}.Release|iPhoneSimulator.Build.0 = Release|iPhoneSimulator
		{CED1B6CA-F2A3-4496-BE32-9A2E891CD805}.Release|iPhoneSimulator.Deploy.0 = Release|iPhoneSimulator
		{31DA8611-C19F-4B8F-AA6F-E06F9D6E498A}.Debug|Any CPU.ActiveCfg = Debug|Any CPU
		{31DA8611-C19F-4B8F-AA6F-E06F9D6E498A}.Debug|Any CPU.Build.0 = Debug|Any CPU
		{31DA8611-C19F-4B8F-AA6F-E06F9D6E498A}.Debug|Any CPU.Deploy.0 = Debug|Any CPU
		{31DA8611-C19F-4B8F-AA6F-E06F9D6E498A}.Debug|iPhone.ActiveCfg = Debug|Any CPU
		{31DA8611-C19F-4B8F-AA6F-E06F9D6E498A}.Debug|iPhone.Build.0 = Debug|Any CPU
		{31DA8611-C19F-4B8F-AA6F-E06F9D6E498A}.Debug|iPhone.Deploy.0 = Debug|Any CPU
		{31DA8611-C19F-4B8F-AA6F-E06F9D6E498A}.Debug|iPhoneSimulator.ActiveCfg = Debug|Any CPU
		{31DA8611-C19F-4B8F-AA6F-E06F9D6E498A}.Debug|iPhoneSimulator.Build.0 = Debug|Any CPU
		{31DA8611-C19F-4B8F-AA6F-E06F9D6E498A}.Debug|iPhoneSimulator.Deploy.0 = Debug|Any CPU
		{31DA8611-C19F-4B8F-AA6F-E06F9D6E498A}.Release|Any CPU.ActiveCfg = Release|Any CPU
		{31DA8611-C19F-4B8F-AA6F-E06F9D6E498A}.Release|Any CPU.Build.0 = Release|Any CPU
		{31DA8611-C19F-4B8F-AA6F-E06F9D6E498A}.Release|Any CPU.Deploy.0 = Release|Any CPU
		{31DA8611-C19F-4B8F-AA6F-E06F9D6E498A}.Release|iPhone.ActiveCfg = Release|Any CPU
		{31DA8611-C19F-4B8F-AA6F-E06F9D6E498A}.Release|iPhone.Build.0 = Release|Any CPU
		{31DA8611-C19F-4B8F-AA6F-E06F9D6E498A}.Release|iPhone.Deploy.0 = Release|Any CPU
		{31DA8611-C19F-4B8F-AA6F-E06F9D6E498A}.Release|iPhoneSimulator.ActiveCfg = Release|Any CPU
		{31DA8611-C19F-4B8F-AA6F-E06F9D6E498A}.Release|iPhoneSimulator.Build.0 = Release|Any CPU
		{31DA8611-C19F-4B8F-AA6F-E06F9D6E498A}.Release|iPhoneSimulator.Deploy.0 = Release|Any CPU
		{2FA67F7A-8B22-4EEE-90EC-586B586F4B1B}.Debug|Any CPU.ActiveCfg = Debug|Any CPU
		{2FA67F7A-8B22-4EEE-90EC-586B586F4B1B}.Debug|Any CPU.Build.0 = Debug|Any CPU
		{2FA67F7A-8B22-4EEE-90EC-586B586F4B1B}.Debug|iPhone.ActiveCfg = Debug|Any CPU
		{2FA67F7A-8B22-4EEE-90EC-586B586F4B1B}.Debug|iPhone.Build.0 = Debug|Any CPU
		{2FA67F7A-8B22-4EEE-90EC-586B586F4B1B}.Debug|iPhoneSimulator.ActiveCfg = Debug|Any CPU
		{2FA67F7A-8B22-4EEE-90EC-586B586F4B1B}.Debug|iPhoneSimulator.Build.0 = Debug|Any CPU
		{2FA67F7A-8B22-4EEE-90EC-586B586F4B1B}.Release|Any CPU.ActiveCfg = Release|Any CPU
		{2FA67F7A-8B22-4EEE-90EC-586B586F4B1B}.Release|Any CPU.Build.0 = Release|Any CPU
		{2FA67F7A-8B22-4EEE-90EC-586B586F4B1B}.Release|iPhone.ActiveCfg = Release|Any CPU
		{2FA67F7A-8B22-4EEE-90EC-586B586F4B1B}.Release|iPhone.Build.0 = Release|Any CPU
		{2FA67F7A-8B22-4EEE-90EC-586B586F4B1B}.Release|iPhoneSimulator.ActiveCfg = Release|Any CPU
		{2FA67F7A-8B22-4EEE-90EC-586B586F4B1B}.Release|iPhoneSimulator.Build.0 = Release|Any CPU
		{B7584E81-66C6-4326-B6B6-3A2003CCB28D}.Debug|Any CPU.ActiveCfg = Debug|Any CPU
		{B7584E81-66C6-4326-B6B6-3A2003CCB28D}.Debug|Any CPU.Build.0 = Debug|Any CPU
		{B7584E81-66C6-4326-B6B6-3A2003CCB28D}.Debug|iPhone.ActiveCfg = Debug|Any CPU
		{B7584E81-66C6-4326-B6B6-3A2003CCB28D}.Debug|iPhone.Build.0 = Debug|Any CPU
		{B7584E81-66C6-4326-B6B6-3A2003CCB28D}.Debug|iPhoneSimulator.ActiveCfg = Debug|Any CPU
		{B7584E81-66C6-4326-B6B6-3A2003CCB28D}.Debug|iPhoneSimulator.Build.0 = Debug|Any CPU
		{B7584E81-66C6-4326-B6B6-3A2003CCB28D}.Release|Any CPU.ActiveCfg = Release|Any CPU
		{B7584E81-66C6-4326-B6B6-3A2003CCB28D}.Release|Any CPU.Build.0 = Release|Any CPU
		{B7584E81-66C6-4326-B6B6-3A2003CCB28D}.Release|iPhone.ActiveCfg = Release|Any CPU
		{B7584E81-66C6-4326-B6B6-3A2003CCB28D}.Release|iPhone.Build.0 = Release|Any CPU
		{B7584E81-66C6-4326-B6B6-3A2003CCB28D}.Release|iPhoneSimulator.ActiveCfg = Release|Any CPU
		{B7584E81-66C6-4326-B6B6-3A2003CCB28D}.Release|iPhoneSimulator.Build.0 = Release|Any CPU
	EndGlobalSection
	GlobalSection(SolutionProperties) = preSolution
		HideSolutionNode = FALSE
	EndGlobalSection
	GlobalSection(ExtensibilityGlobals) = postSolution
		SolutionGuid = {627D2312-AF69-4473-A774-591369E28826}
	EndGlobalSection
EndGlobal
